// !$*UTF8*$!
{
	archiveVersion = 1;
	classes = {
	};
	objectVersion = 56;
	objects = {

/* Begin PBXBuildFile section */
		DE4F2FA62ADAD5A5003F9249 /* AppDelegate.swift in Sources */ = {isa = PBXBuildFile; fileRef = DE4F2FA52ADAD5A5003F9249 /* AppDelegate.swift */; };
		DE4F2FA82ADAD5A5003F9249 /* SceneDelegate.swift in Sources */ = {isa = PBXBuildFile; fileRef = DE4F2FA72ADAD5A5003F9249 /* SceneDelegate.swift */; };
		DE4F2FAA2ADAD5A5003F9249 /* AccountViewController.swift in Sources */ = {isa = PBXBuildFile; fileRef = DE4F2FA92ADAD5A5003F9249 /* AccountViewController.swift */; };
		DE4F2FAD2ADAD5A5003F9249 /* Main.storyboard in Resources */ = {isa = PBXBuildFile; fileRef = DE4F2FAB2ADAD5A5003F9249 /* Main.storyboard */; };
		DE4F2FAF2ADAD5A6003F9249 /* Assets.xcassets in Resources */ = {isa = PBXBuildFile; fileRef = DE4F2FAE2ADAD5A6003F9249 /* Assets.xcassets */; };
		DE4F2FB22ADAD5A6003F9249 /* LaunchScreen.storyboard in Resources */ = {isa = PBXBuildFile; fileRef = DE4F2FB02ADAD5A6003F9249 /* LaunchScreen.storyboard */; };
		DE4F2FDC2ADADC33003F9249 /* CheckoutNetwork in Frameworks */ = {isa = PBXBuildFile; productRef = DE4F2FDB2ADADC33003F9249 /* CheckoutNetwork */; };
		DE4F2FDE2ADADC33003F9249 /* CheckoutNetworkFakeClient in Frameworks */ = {isa = PBXBuildFile; productRef = DE4F2FDD2ADADC33003F9249 /* CheckoutNetworkFakeClient */; };
		DE4F2FE02ADADCC4003F9249 /* NetworkClient.swift in Sources */ = {isa = PBXBuildFile; fileRef = DE4F2FDF2ADADCC4003F9249 /* NetworkClient.swift */; };
		DE4F2FE32ADAE48F003F9249 /* Date+Extensions.swift in Sources */ = {isa = PBXBuildFile; fileRef = DE4F2FE22ADAE48F003F9249 /* Date+Extensions.swift */; };
		DE4F2FE52ADAE4FE003F9249 /* DateExtensionsTests.swift in Sources */ = {isa = PBXBuildFile; fileRef = DE4F2FE42ADAE4FE003F9249 /* DateExtensionsTests.swift */; };
		DE4F2FE72ADAE637003F9249 /* Endpoint.swift in Sources */ = {isa = PBXBuildFile; fileRef = DE4F2FE62ADAE637003F9249 /* Endpoint.swift */; };
		DE4F2FE92ADAE675003F9249 /* EndpointTests.swift in Sources */ = {isa = PBXBuildFile; fileRef = DE4F2FE82ADAE675003F9249 /* EndpointTests.swift */; };
		DE4F2FEB2ADAEAA2003F9249 /* GlobalConfig.swift in Sources */ = {isa = PBXBuildFile; fileRef = DE4F2FEA2ADAEAA2003F9249 /* GlobalConfig.swift */; };
		DE4F2FEE2ADAEE52003F9249 /* AccountDto.swift in Sources */ = {isa = PBXBuildFile; fileRef = DE4F2FED2ADAEE52003F9249 /* AccountDto.swift */; };
		DE4F2FF02ADAEE5D003F9249 /* AccountResponseDto.swift in Sources */ = {isa = PBXBuildFile; fileRef = DE4F2FEF2ADAEE5D003F9249 /* AccountResponseDto.swift */; };
		DE4F2FF22ADAEE95003F9249 /* AccountTypeDto.swift in Sources */ = {isa = PBXBuildFile; fileRef = DE4F2FF12ADAEE95003F9249 /* AccountTypeDto.swift */; };
		DE4F2FF42ADAEEA5003F9249 /* AccountCurrencyDto.swift in Sources */ = {isa = PBXBuildFile; fileRef = DE4F2FF32ADAEEA5003F9249 /* AccountCurrencyDto.swift */; };
		DE4F2FF62ADB046D003F9249 /* NetworkClientTests.swift in Sources */ = {isa = PBXBuildFile; fileRef = DE4F2FF52ADB046D003F9249 /* NetworkClientTests.swift */; };
		DE4F2FFA2ADB0A55003F9249 /* NetworkError.swift in Sources */ = {isa = PBXBuildFile; fileRef = DE4F2FF92ADB0A55003F9249 /* NetworkError.swift */; };
		DE4F2FFC2ADB187D003F9249 /* TransactionListResponseDto.swift in Sources */ = {isa = PBXBuildFile; fileRef = DE4F2FFB2ADB187D003F9249 /* TransactionListResponseDto.swift */; };
		DE4F2FFE2ADB188F003F9249 /* FeedItemDto.swift in Sources */ = {isa = PBXBuildFile; fileRef = DE4F2FFD2ADB188F003F9249 /* FeedItemDto.swift */; };
		DE4F30002ADB18A2003F9249 /* AssociatedFeedRoundUp.swift in Sources */ = {isa = PBXBuildFile; fileRef = DE4F2FFF2ADB18A2003F9249 /* AssociatedFeedRoundUp.swift */; };
		DE4F30022ADB18B1003F9249 /* TransactionStatus.swift in Sources */ = {isa = PBXBuildFile; fileRef = DE4F30012ADB18B1003F9249 /* TransactionStatus.swift */; };
		DE4F30042ADB18C0003F9249 /* TransactionDirection.swift in Sources */ = {isa = PBXBuildFile; fileRef = DE4F30032ADB18C0003F9249 /* TransactionDirection.swift */; };
		DE4F30062ADB18CF003F9249 /* TransactionAmountDto.swift in Sources */ = {isa = PBXBuildFile; fileRef = DE4F30052ADB18CF003F9249 /* TransactionAmountDto.swift */; };
		DE4F30082ADB1CA2003F9249 /* AccountViewModel.swift in Sources */ = {isa = PBXBuildFile; fileRef = DE4F30072ADB1CA2003F9249 /* AccountViewModel.swift */; };
		DE4F300A2ADB2D2C003F9249 /* SavingGoalsResponseDto.swift in Sources */ = {isa = PBXBuildFile; fileRef = DE4F30092ADB2D2C003F9249 /* SavingGoalsResponseDto.swift */; };
		DE4F300D2ADB2D56003F9249 /* SavingGoalDto.swift in Sources */ = {isa = PBXBuildFile; fileRef = DE4F300C2ADB2D56003F9249 /* SavingGoalDto.swift */; };
		DE4F300F2ADB2D67003F9249 /* SavingGoalState.swift in Sources */ = {isa = PBXBuildFile; fileRef = DE4F300E2ADB2D67003F9249 /* SavingGoalState.swift */; };
/* End PBXBuildFile section */

/* Begin PBXContainerItemProxy section */
		DE4F2FB92ADAD5A6003F9249 /* PBXContainerItemProxy */ = {
			isa = PBXContainerItemProxy;
			containerPortal = DE4F2F9A2ADAD5A5003F9249 /* Project object */;
			proxyType = 1;
			remoteGlobalIDString = DE4F2FA12ADAD5A5003F9249;
			remoteInfo = StarlingTechnicalChallenge;
		};
/* End PBXContainerItemProxy section */

/* Begin PBXFileReference section */
		DE4F2FA22ADAD5A5003F9249 /* StarlingTechnicalChallenge.app */ = {isa = PBXFileReference; explicitFileType = wrapper.application; includeInIndex = 0; path = StarlingTechnicalChallenge.app; sourceTree = BUILT_PRODUCTS_DIR; };
		DE4F2FA52ADAD5A5003F9249 /* AppDelegate.swift */ = {isa = PBXFileReference; lastKnownFileType = sourcecode.swift; path = AppDelegate.swift; sourceTree = "<group>"; };
		DE4F2FA72ADAD5A5003F9249 /* SceneDelegate.swift */ = {isa = PBXFileReference; lastKnownFileType = sourcecode.swift; path = SceneDelegate.swift; sourceTree = "<group>"; };
		DE4F2FA92ADAD5A5003F9249 /* AccountViewController.swift */ = {isa = PBXFileReference; lastKnownFileType = sourcecode.swift; path = AccountViewController.swift; sourceTree = "<group>"; };
		DE4F2FAC2ADAD5A5003F9249 /* Base */ = {isa = PBXFileReference; lastKnownFileType = file.storyboard; name = Base; path = Base.lproj/Main.storyboard; sourceTree = "<group>"; };
		DE4F2FAE2ADAD5A6003F9249 /* Assets.xcassets */ = {isa = PBXFileReference; lastKnownFileType = folder.assetcatalog; path = Assets.xcassets; sourceTree = "<group>"; };
		DE4F2FB12ADAD5A6003F9249 /* Base */ = {isa = PBXFileReference; lastKnownFileType = file.storyboard; name = Base; path = Base.lproj/LaunchScreen.storyboard; sourceTree = "<group>"; };
		DE4F2FB32ADAD5A6003F9249 /* Info.plist */ = {isa = PBXFileReference; lastKnownFileType = text.plist.xml; path = Info.plist; sourceTree = "<group>"; };
		DE4F2FB82ADAD5A6003F9249 /* StarlingTechnicalChallengeTests.xctest */ = {isa = PBXFileReference; explicitFileType = wrapper.cfbundle; includeInIndex = 0; path = StarlingTechnicalChallengeTests.xctest; sourceTree = BUILT_PRODUCTS_DIR; };
		DE4F2FDF2ADADCC4003F9249 /* NetworkClient.swift */ = {isa = PBXFileReference; lastKnownFileType = sourcecode.swift; path = NetworkClient.swift; sourceTree = "<group>"; };
		DE4F2FE22ADAE48F003F9249 /* Date+Extensions.swift */ = {isa = PBXFileReference; lastKnownFileType = sourcecode.swift; path = "Date+Extensions.swift"; sourceTree = "<group>"; };
		DE4F2FE42ADAE4FE003F9249 /* DateExtensionsTests.swift */ = {isa = PBXFileReference; lastKnownFileType = sourcecode.swift; path = DateExtensionsTests.swift; sourceTree = "<group>"; };
		DE4F2FE62ADAE637003F9249 /* Endpoint.swift */ = {isa = PBXFileReference; lastKnownFileType = sourcecode.swift; path = Endpoint.swift; sourceTree = "<group>"; };
		DE4F2FE82ADAE675003F9249 /* EndpointTests.swift */ = {isa = PBXFileReference; lastKnownFileType = sourcecode.swift; path = EndpointTests.swift; sourceTree = "<group>"; };
		DE4F2FEA2ADAEAA2003F9249 /* GlobalConfig.swift */ = {isa = PBXFileReference; lastKnownFileType = sourcecode.swift; path = GlobalConfig.swift; sourceTree = "<group>"; };
		DE4F2FED2ADAEE52003F9249 /* AccountDto.swift */ = {isa = PBXFileReference; lastKnownFileType = sourcecode.swift; path = AccountDto.swift; sourceTree = "<group>"; };
		DE4F2FEF2ADAEE5D003F9249 /* AccountResponseDto.swift */ = {isa = PBXFileReference; lastKnownFileType = sourcecode.swift; path = AccountResponseDto.swift; sourceTree = "<group>"; };
		DE4F2FF12ADAEE95003F9249 /* AccountTypeDto.swift */ = {isa = PBXFileReference; lastKnownFileType = sourcecode.swift; path = AccountTypeDto.swift; sourceTree = "<group>"; };
		DE4F2FF32ADAEEA5003F9249 /* AccountCurrencyDto.swift */ = {isa = PBXFileReference; lastKnownFileType = sourcecode.swift; path = AccountCurrencyDto.swift; sourceTree = "<group>"; };
		DE4F2FF52ADB046D003F9249 /* NetworkClientTests.swift */ = {isa = PBXFileReference; lastKnownFileType = sourcecode.swift; path = NetworkClientTests.swift; sourceTree = "<group>"; };
		DE4F2FF92ADB0A55003F9249 /* NetworkError.swift */ = {isa = PBXFileReference; lastKnownFileType = sourcecode.swift; path = NetworkError.swift; sourceTree = "<group>"; };
		DE4F2FFB2ADB187D003F9249 /* TransactionListResponseDto.swift */ = {isa = PBXFileReference; lastKnownFileType = sourcecode.swift; path = TransactionListResponseDto.swift; sourceTree = "<group>"; };
		DE4F2FFD2ADB188F003F9249 /* FeedItemDto.swift */ = {isa = PBXFileReference; lastKnownFileType = sourcecode.swift; path = FeedItemDto.swift; sourceTree = "<group>"; };
		DE4F2FFF2ADB18A2003F9249 /* AssociatedFeedRoundUp.swift */ = {isa = PBXFileReference; lastKnownFileType = sourcecode.swift; path = AssociatedFeedRoundUp.swift; sourceTree = "<group>"; };
		DE4F30012ADB18B1003F9249 /* TransactionStatus.swift */ = {isa = PBXFileReference; lastKnownFileType = sourcecode.swift; path = TransactionStatus.swift; sourceTree = "<group>"; };
		DE4F30032ADB18C0003F9249 /* TransactionDirection.swift */ = {isa = PBXFileReference; lastKnownFileType = sourcecode.swift; path = TransactionDirection.swift; sourceTree = "<group>"; };
		DE4F30052ADB18CF003F9249 /* TransactionAmountDto.swift */ = {isa = PBXFileReference; lastKnownFileType = sourcecode.swift; path = TransactionAmountDto.swift; sourceTree = "<group>"; };
		DE4F30072ADB1CA2003F9249 /* AccountViewModel.swift */ = {isa = PBXFileReference; lastKnownFileType = sourcecode.swift; path = AccountViewModel.swift; sourceTree = "<group>"; };
		DE4F30092ADB2D2C003F9249 /* SavingGoalsResponseDto.swift */ = {isa = PBXFileReference; lastKnownFileType = sourcecode.swift; path = SavingGoalsResponseDto.swift; sourceTree = "<group>"; };
		DE4F300C2ADB2D56003F9249 /* SavingGoalDto.swift */ = {isa = PBXFileReference; lastKnownFileType = sourcecode.swift; path = SavingGoalDto.swift; sourceTree = "<group>"; };
		DE4F300E2ADB2D67003F9249 /* SavingGoalState.swift */ = {isa = PBXFileReference; lastKnownFileType = sourcecode.swift; path = SavingGoalState.swift; sourceTree = "<group>"; };
/* End PBXFileReference section */

/* Begin PBXFrameworksBuildPhase section */
		DE4F2F9F2ADAD5A5003F9249 /* Frameworks */ = {
			isa = PBXFrameworksBuildPhase;
			buildActionMask = 2147483647;
			files = (
				DE4F2FDC2ADADC33003F9249 /* CheckoutNetwork in Frameworks */,
			);
			runOnlyForDeploymentPostprocessing = 0;
		};
		DE4F2FB52ADAD5A6003F9249 /* Frameworks */ = {
			isa = PBXFrameworksBuildPhase;
			buildActionMask = 2147483647;
			files = (
				DE4F2FDE2ADADC33003F9249 /* CheckoutNetworkFakeClient in Frameworks */,
			);
			runOnlyForDeploymentPostprocessing = 0;
		};
/* End PBXFrameworksBuildPhase section */

/* Begin PBXGroup section */
		DE4F2F992ADAD5A5003F9249 = {
			isa = PBXGroup;
			children = (
				DE4F2FA42ADAD5A5003F9249 /* StarlingTechnicalChallenge */,
				DE4F2FBB2ADAD5A6003F9249 /* StarlingTechnicalChallengeTests */,
				DE4F2FA32ADAD5A5003F9249 /* Products */,
			);
			sourceTree = "<group>";
		};
		DE4F2FA32ADAD5A5003F9249 /* Products */ = {
			isa = PBXGroup;
			children = (
				DE4F2FA22ADAD5A5003F9249 /* StarlingTechnicalChallenge.app */,
				DE4F2FB82ADAD5A6003F9249 /* StarlingTechnicalChallengeTests.xctest */,
			);
			name = Products;
			sourceTree = "<group>";
		};
		DE4F2FA42ADAD5A5003F9249 /* StarlingTechnicalChallenge */ = {
			isa = PBXGroup;
			children = (
				DE4F2FD62ADAD9ED003F9249 /* AppControl */,
				DE4F2FD72ADAD9F9003F9249 /* ViewControllers */,
				DE4F2FD82ADADA03003F9249 /* Network */,
				DE4F2FE12ADAE480003F9249 /* Extensions */,
				DE4F2FD52ADAD9DD003F9249 /* Resources */,
			);
			path = StarlingTechnicalChallenge;
			sourceTree = "<group>";
		};
		DE4F2FBB2ADAD5A6003F9249 /* StarlingTechnicalChallengeTests */ = {
			isa = PBXGroup;
			children = (
				DE4F2FE42ADAE4FE003F9249 /* DateExtensionsTests.swift */,
				DE4F2FE82ADAE675003F9249 /* EndpointTests.swift */,
				DE4F2FF52ADB046D003F9249 /* NetworkClientTests.swift */,
			);
			path = StarlingTechnicalChallengeTests;
			sourceTree = "<group>";
		};
		DE4F2FD52ADAD9DD003F9249 /* Resources */ = {
			isa = PBXGroup;
			children = (
				DE4F2FAB2ADAD5A5003F9249 /* Main.storyboard */,
				DE4F2FAE2ADAD5A6003F9249 /* Assets.xcassets */,
				DE4F2FB02ADAD5A6003F9249 /* LaunchScreen.storyboard */,
				DE4F2FB32ADAD5A6003F9249 /* Info.plist */,
			);
			path = Resources;
			sourceTree = "<group>";
		};
		DE4F2FD62ADAD9ED003F9249 /* AppControl */ = {
			isa = PBXGroup;
			children = (
				DE4F2FA52ADAD5A5003F9249 /* AppDelegate.swift */,
				DE4F2FA72ADAD5A5003F9249 /* SceneDelegate.swift */,
				DE4F2FEA2ADAEAA2003F9249 /* GlobalConfig.swift */,
			);
			path = AppControl;
			sourceTree = "<group>";
		};
		DE4F2FD72ADAD9F9003F9249 /* ViewControllers */ = {
			isa = PBXGroup;
			children = (
				DE4F2FD92ADADA12003F9249 /* AccountViewController */,
				DE4F2FA92ADAD5A5003F9249 /* AccountViewController.swift */,
				DE4F30072ADB1CA2003F9249 /* AccountViewModel.swift */,
			);
			path = ViewControllers;
			sourceTree = "<group>";
		};
		DE4F2FD82ADADA03003F9249 /* Network */ = {
			isa = PBXGroup;
			children = (
				DE4F2FEC2ADAEE45003F9249 /* DtoModels */,
				DE4F2FDF2ADADCC4003F9249 /* NetworkClient.swift */,
				DE4F2FF92ADB0A55003F9249 /* NetworkError.swift */,
				DE4F2FE62ADAE637003F9249 /* Endpoint.swift */,
			);
			path = Network;
			sourceTree = "<group>";
		};
		DE4F2FD92ADADA12003F9249 /* AccountViewController */ = {
			isa = PBXGroup;
			children = (
			);
			path = AccountViewController;
			sourceTree = "<group>";
		};
		DE4F2FE12ADAE480003F9249 /* Extensions */ = {
			isa = PBXGroup;
			children = (
				DE4F2FE22ADAE48F003F9249 /* Date+Extensions.swift */,
			);
			path = Extensions;
			sourceTree = "<group>";
		};
		DE4F2FEC2ADAEE45003F9249 /* DtoModels */ = {
			isa = PBXGroup;
			children = (
				DE4F300B2ADB2D3A003F9249 /* HighLevelNetworkResponses */,
				DE4F2FED2ADAEE52003F9249 /* AccountDto.swift */,
				DE4F2FF32ADAEEA5003F9249 /* AccountCurrencyDto.swift */,
				DE4F2FF12ADAEE95003F9249 /* AccountTypeDto.swift */,
				DE4F30012ADB18B1003F9249 /* TransactionStatus.swift */,
				DE4F2FFD2ADB188F003F9249 /* FeedItemDto.swift */,
				DE4F30032ADB18C0003F9249 /* TransactionDirection.swift */,
				DE4F30052ADB18CF003F9249 /* TransactionAmountDto.swift */,
				DE4F2FFF2ADB18A2003F9249 /* AssociatedFeedRoundUp.swift */,
				DE4F300C2ADB2D56003F9249 /* SavingGoalDto.swift */,
				DE4F300E2ADB2D67003F9249 /* SavingGoalState.swift */,
			);
			path = DtoModels;
			sourceTree = "<group>";
		};
		DE4F300B2ADB2D3A003F9249 /* HighLevelNetworkResponses */ = {
			isa = PBXGroup;
			children = (
				DE4F30092ADB2D2C003F9249 /* SavingGoalsResponseDto.swift */,
				DE4F2FFB2ADB187D003F9249 /* TransactionListResponseDto.swift */,
				DE4F2FEF2ADAEE5D003F9249 /* AccountResponseDto.swift */,
			);
			path = HighLevelNetworkResponses;
			sourceTree = "<group>";
		};
/* End PBXGroup section */

/* Begin PBXNativeTarget section */
		DE4F2FA12ADAD5A5003F9249 /* StarlingTechnicalChallenge */ = {
			isa = PBXNativeTarget;
			buildConfigurationList = DE4F2FCC2ADAD5A6003F9249 /* Build configuration list for PBXNativeTarget "StarlingTechnicalChallenge" */;
			buildPhases = (
				DE4F2F9E2ADAD5A5003F9249 /* Sources */,
				DE4F2F9F2ADAD5A5003F9249 /* Frameworks */,
				DE4F2FA02ADAD5A5003F9249 /* Resources */,
			);
			buildRules = (
			);
			dependencies = (
			);
			name = StarlingTechnicalChallenge;
			packageProductDependencies = (
				DE4F2FDB2ADADC33003F9249 /* CheckoutNetwork */,
			);
			productName = StarlingTechnicalChallenge;
			productReference = DE4F2FA22ADAD5A5003F9249 /* StarlingTechnicalChallenge.app */;
			productType = "com.apple.product-type.application";
		};
		DE4F2FB72ADAD5A6003F9249 /* StarlingTechnicalChallengeTests */ = {
			isa = PBXNativeTarget;
			buildConfigurationList = DE4F2FCF2ADAD5A6003F9249 /* Build configuration list for PBXNativeTarget "StarlingTechnicalChallengeTests" */;
			buildPhases = (
				DE4F2FB42ADAD5A6003F9249 /* Sources */,
				DE4F2FB52ADAD5A6003F9249 /* Frameworks */,
				DE4F2FB62ADAD5A6003F9249 /* Resources */,
			);
			buildRules = (
			);
			dependencies = (
				DE4F2FBA2ADAD5A6003F9249 /* PBXTargetDependency */,
			);
			name = StarlingTechnicalChallengeTests;
			packageProductDependencies = (
				DE4F2FDD2ADADC33003F9249 /* CheckoutNetworkFakeClient */,
			);
			productName = StarlingTechnicalChallengeTests;
			productReference = DE4F2FB82ADAD5A6003F9249 /* StarlingTechnicalChallengeTests.xctest */;
			productType = "com.apple.product-type.bundle.unit-test";
		};
/* End PBXNativeTarget section */

/* Begin PBXProject section */
		DE4F2F9A2ADAD5A5003F9249 /* Project object */ = {
			isa = PBXProject;
			attributes = {
				BuildIndependentTargetsInParallel = 1;
				LastSwiftUpdateCheck = 1500;
				LastUpgradeCheck = 1500;
				TargetAttributes = {
					DE4F2FA12ADAD5A5003F9249 = {
						CreatedOnToolsVersion = 15.0;
					};
					DE4F2FB72ADAD5A6003F9249 = {
						CreatedOnToolsVersion = 15.0;
						TestTargetID = DE4F2FA12ADAD5A5003F9249;
					};
				};
			};
			buildConfigurationList = DE4F2F9D2ADAD5A5003F9249 /* Build configuration list for PBXProject "StarlingTechnicalChallenge" */;
			compatibilityVersion = "Xcode 14.0";
			developmentRegion = en;
			hasScannedForEncodings = 0;
			knownRegions = (
				en,
				Base,
			);
			mainGroup = DE4F2F992ADAD5A5003F9249;
			packageReferences = (
				DE4F2FDA2ADADC33003F9249 /* XCRemoteSwiftPackageReference "NetworkClient-iOS" */,
			);
			productRefGroup = DE4F2FA32ADAD5A5003F9249 /* Products */;
			projectDirPath = "";
			projectRoot = "";
			targets = (
				DE4F2FA12ADAD5A5003F9249 /* StarlingTechnicalChallenge */,
				DE4F2FB72ADAD5A6003F9249 /* StarlingTechnicalChallengeTests */,
			);
		};
/* End PBXProject section */

/* Begin PBXResourcesBuildPhase section */
		DE4F2FA02ADAD5A5003F9249 /* Resources */ = {
			isa = PBXResourcesBuildPhase;
			buildActionMask = 2147483647;
			files = (
				DE4F2FB22ADAD5A6003F9249 /* LaunchScreen.storyboard in Resources */,
				DE4F2FAF2ADAD5A6003F9249 /* Assets.xcassets in Resources */,
				DE4F2FAD2ADAD5A5003F9249 /* Main.storyboard in Resources */,
			);
			runOnlyForDeploymentPostprocessing = 0;
		};
		DE4F2FB62ADAD5A6003F9249 /* Resources */ = {
			isa = PBXResourcesBuildPhase;
			buildActionMask = 2147483647;
			files = (
			);
			runOnlyForDeploymentPostprocessing = 0;
		};
/* End PBXResourcesBuildPhase section */

/* Begin PBXSourcesBuildPhase section */
		DE4F2F9E2ADAD5A5003F9249 /* Sources */ = {
			isa = PBXSourcesBuildPhase;
			buildActionMask = 2147483647;
			files = (
				DE4F2FAA2ADAD5A5003F9249 /* AccountViewController.swift in Sources */,
				DE4F2FFC2ADB187D003F9249 /* TransactionListResponseDto.swift in Sources */,
				DE4F2FF22ADAEE95003F9249 /* AccountTypeDto.swift in Sources */,
				DE4F2FA62ADAD5A5003F9249 /* AppDelegate.swift in Sources */,
				DE4F30062ADB18CF003F9249 /* TransactionAmountDto.swift in Sources */,
				DE4F2FF02ADAEE5D003F9249 /* AccountResponseDto.swift in Sources */,
				DE4F2FA82ADAD5A5003F9249 /* SceneDelegate.swift in Sources */,
				DE4F30042ADB18C0003F9249 /* TransactionDirection.swift in Sources */,
				DE4F300F2ADB2D67003F9249 /* SavingGoalState.swift in Sources */,
				DE4F2FEB2ADAEAA2003F9249 /* GlobalConfig.swift in Sources */,
				DE4F30002ADB18A2003F9249 /* AssociatedFeedRoundUp.swift in Sources */,
				DE4F30082ADB1CA2003F9249 /* AccountViewModel.swift in Sources */,
				DE4F2FE32ADAE48F003F9249 /* Date+Extensions.swift in Sources */,
				DE4F2FFE2ADB188F003F9249 /* FeedItemDto.swift in Sources */,
				DE4F2FE72ADAE637003F9249 /* Endpoint.swift in Sources */,
				DE4F300D2ADB2D56003F9249 /* SavingGoalDto.swift in Sources */,
				DE4F2FE02ADADCC4003F9249 /* NetworkClient.swift in Sources */,
				DE4F30022ADB18B1003F9249 /* TransactionStatus.swift in Sources */,
				DE4F2FFA2ADB0A55003F9249 /* NetworkError.swift in Sources */,
				DE4F2FEE2ADAEE52003F9249 /* AccountDto.swift in Sources */,
				DE4F2FF42ADAEEA5003F9249 /* AccountCurrencyDto.swift in Sources */,
				DE4F300A2ADB2D2C003F9249 /* SavingGoalsResponseDto.swift in Sources */,
			);
			runOnlyForDeploymentPostprocessing = 0;
		};
		DE4F2FB42ADAD5A6003F9249 /* Sources */ = {
			isa = PBXSourcesBuildPhase;
			buildActionMask = 2147483647;
			files = (
				DE4F2FE92ADAE675003F9249 /* EndpointTests.swift in Sources */,
				DE4F2FE52ADAE4FE003F9249 /* DateExtensionsTests.swift in Sources */,
				DE4F2FF62ADB046D003F9249 /* NetworkClientTests.swift in Sources */,
			);
			runOnlyForDeploymentPostprocessing = 0;
		};
/* End PBXSourcesBuildPhase section */

/* Begin PBXTargetDependency section */
		DE4F2FBA2ADAD5A6003F9249 /* PBXTargetDependency */ = {
			isa = PBXTargetDependency;
			target = DE4F2FA12ADAD5A5003F9249 /* StarlingTechnicalChallenge */;
			targetProxy = DE4F2FB92ADAD5A6003F9249 /* PBXContainerItemProxy */;
		};
/* End PBXTargetDependency section */

/* Begin PBXVariantGroup section */
		DE4F2FAB2ADAD5A5003F9249 /* Main.storyboard */ = {
			isa = PBXVariantGroup;
			children = (
				DE4F2FAC2ADAD5A5003F9249 /* Base */,
			);
			name = Main.storyboard;
			sourceTree = "<group>";
		};
		DE4F2FB02ADAD5A6003F9249 /* LaunchScreen.storyboard */ = {
			isa = PBXVariantGroup;
			children = (
				DE4F2FB12ADAD5A6003F9249 /* Base */,
			);
			name = LaunchScreen.storyboard;
			sourceTree = "<group>";
		};
/* End PBXVariantGroup section */

/* Begin XCBuildConfiguration section */
		DE4F2FCA2ADAD5A6003F9249 /* Debug */ = {
			isa = XCBuildConfiguration;
			buildSettings = {
				ALWAYS_SEARCH_USER_PATHS = NO;
				ASSETCATALOG_COMPILER_GENERATE_SWIFT_ASSET_SYMBOL_EXTENSIONS = YES;
				CLANG_ANALYZER_NONNULL = YES;
				CLANG_ANALYZER_NUMBER_OBJECT_CONVERSION = YES_AGGRESSIVE;
				CLANG_CXX_LANGUAGE_STANDARD = "gnu++20";
				CLANG_ENABLE_MODULES = YES;
				CLANG_ENABLE_OBJC_ARC = YES;
				CLANG_ENABLE_OBJC_WEAK = YES;
				CLANG_WARN_BLOCK_CAPTURE_AUTORELEASING = YES;
				CLANG_WARN_BOOL_CONVERSION = YES;
				CLANG_WARN_COMMA = YES;
				CLANG_WARN_CONSTANT_CONVERSION = YES;
				CLANG_WARN_DEPRECATED_OBJC_IMPLEMENTATIONS = YES;
				CLANG_WARN_DIRECT_OBJC_ISA_USAGE = YES_ERROR;
				CLANG_WARN_DOCUMENTATION_COMMENTS = YES;
				CLANG_WARN_EMPTY_BODY = YES;
				CLANG_WARN_ENUM_CONVERSION = YES;
				CLANG_WARN_INFINITE_RECURSION = YES;
				CLANG_WARN_INT_CONVERSION = YES;
				CLANG_WARN_NON_LITERAL_NULL_CONVERSION = YES;
				CLANG_WARN_OBJC_IMPLICIT_RETAIN_SELF = YES;
				CLANG_WARN_OBJC_LITERAL_CONVERSION = YES;
				CLANG_WARN_OBJC_ROOT_CLASS = YES_ERROR;
				CLANG_WARN_QUOTED_INCLUDE_IN_FRAMEWORK_HEADER = YES;
				CLANG_WARN_RANGE_LOOP_ANALYSIS = YES;
				CLANG_WARN_STRICT_PROTOTYPES = YES;
				CLANG_WARN_SUSPICIOUS_MOVE = YES;
				CLANG_WARN_UNGUARDED_AVAILABILITY = YES_AGGRESSIVE;
				CLANG_WARN_UNREACHABLE_CODE = YES;
				CLANG_WARN__DUPLICATE_METHOD_MATCH = YES;
				COPY_PHASE_STRIP = NO;
				DEBUG_INFORMATION_FORMAT = dwarf;
				ENABLE_STRICT_OBJC_MSGSEND = YES;
				ENABLE_TESTABILITY = YES;
				ENABLE_USER_SCRIPT_SANDBOXING = YES;
				GCC_C_LANGUAGE_STANDARD = gnu17;
				GCC_DYNAMIC_NO_PIC = NO;
				GCC_NO_COMMON_BLOCKS = YES;
				GCC_OPTIMIZATION_LEVEL = 0;
				GCC_PREPROCESSOR_DEFINITIONS = (
					"DEBUG=1",
					"$(inherited)",
				);
				GCC_WARN_64_TO_32_BIT_CONVERSION = YES;
				GCC_WARN_ABOUT_RETURN_TYPE = YES_ERROR;
				GCC_WARN_UNDECLARED_SELECTOR = YES;
				GCC_WARN_UNINITIALIZED_AUTOS = YES_AGGRESSIVE;
				GCC_WARN_UNUSED_FUNCTION = YES;
				GCC_WARN_UNUSED_VARIABLE = YES;
				IPHONEOS_DEPLOYMENT_TARGET = 17.0;
				LOCALIZATION_PREFERS_STRING_CATALOGS = YES;
				MTL_ENABLE_DEBUG_INFO = INCLUDE_SOURCE;
				MTL_FAST_MATH = YES;
				ONLY_ACTIVE_ARCH = YES;
				SDKROOT = iphoneos;
				SWIFT_ACTIVE_COMPILATION_CONDITIONS = "DEBUG $(inherited)";
				SWIFT_OPTIMIZATION_LEVEL = "-Onone";
			};
			name = Debug;
		};
		DE4F2FCB2ADAD5A6003F9249 /* Release */ = {
			isa = XCBuildConfiguration;
			buildSettings = {
				ALWAYS_SEARCH_USER_PATHS = NO;
				ASSETCATALOG_COMPILER_GENERATE_SWIFT_ASSET_SYMBOL_EXTENSIONS = YES;
				CLANG_ANALYZER_NONNULL = YES;
				CLANG_ANALYZER_NUMBER_OBJECT_CONVERSION = YES_AGGRESSIVE;
				CLANG_CXX_LANGUAGE_STANDARD = "gnu++20";
				CLANG_ENABLE_MODULES = YES;
				CLANG_ENABLE_OBJC_ARC = YES;
				CLANG_ENABLE_OBJC_WEAK = YES;
				CLANG_WARN_BLOCK_CAPTURE_AUTORELEASING = YES;
				CLANG_WARN_BOOL_CONVERSION = YES;
				CLANG_WARN_COMMA = YES;
				CLANG_WARN_CONSTANT_CONVERSION = YES;
				CLANG_WARN_DEPRECATED_OBJC_IMPLEMENTATIONS = YES;
				CLANG_WARN_DIRECT_OBJC_ISA_USAGE = YES_ERROR;
				CLANG_WARN_DOCUMENTATION_COMMENTS = YES;
				CLANG_WARN_EMPTY_BODY = YES;
				CLANG_WARN_ENUM_CONVERSION = YES;
				CLANG_WARN_INFINITE_RECURSION = YES;
				CLANG_WARN_INT_CONVERSION = YES;
				CLANG_WARN_NON_LITERAL_NULL_CONVERSION = YES;
				CLANG_WARN_OBJC_IMPLICIT_RETAIN_SELF = YES;
				CLANG_WARN_OBJC_LITERAL_CONVERSION = YES;
				CLANG_WARN_OBJC_ROOT_CLASS = YES_ERROR;
				CLANG_WARN_QUOTED_INCLUDE_IN_FRAMEWORK_HEADER = YES;
				CLANG_WARN_RANGE_LOOP_ANALYSIS = YES;
				CLANG_WARN_STRICT_PROTOTYPES = YES;
				CLANG_WARN_SUSPICIOUS_MOVE = YES;
				CLANG_WARN_UNGUARDED_AVAILABILITY = YES_AGGRESSIVE;
				CLANG_WARN_UNREACHABLE_CODE = YES;
				CLANG_WARN__DUPLICATE_METHOD_MATCH = YES;
				COPY_PHASE_STRIP = NO;
				DEBUG_INFORMATION_FORMAT = "dwarf-with-dsym";
				ENABLE_NS_ASSERTIONS = NO;
				ENABLE_STRICT_OBJC_MSGSEND = YES;
				ENABLE_USER_SCRIPT_SANDBOXING = YES;
				GCC_C_LANGUAGE_STANDARD = gnu17;
				GCC_NO_COMMON_BLOCKS = YES;
				GCC_WARN_64_TO_32_BIT_CONVERSION = YES;
				GCC_WARN_ABOUT_RETURN_TYPE = YES_ERROR;
				GCC_WARN_UNDECLARED_SELECTOR = YES;
				GCC_WARN_UNINITIALIZED_AUTOS = YES_AGGRESSIVE;
				GCC_WARN_UNUSED_FUNCTION = YES;
				GCC_WARN_UNUSED_VARIABLE = YES;
				IPHONEOS_DEPLOYMENT_TARGET = 17.0;
				LOCALIZATION_PREFERS_STRING_CATALOGS = YES;
				MTL_ENABLE_DEBUG_INFO = NO;
				MTL_FAST_MATH = YES;
				SDKROOT = iphoneos;
				SWIFT_COMPILATION_MODE = wholemodule;
				VALIDATE_PRODUCT = YES;
			};
			name = Release;
		};
		DE4F2FCD2ADAD5A6003F9249 /* Debug */ = {
			isa = XCBuildConfiguration;
			buildSettings = {
				ASSETCATALOG_COMPILER_APPICON_NAME = AppIcon;
				ASSETCATALOG_COMPILER_GLOBAL_ACCENT_COLOR_NAME = AccentColor;
				CODE_SIGN_STYLE = Automatic;
				CURRENT_PROJECT_VERSION = 1;
				DEVELOPMENT_TEAM = "";
				GENERATE_INFOPLIST_FILE = YES;
				INFOPLIST_FILE = StarlingTechnicalChallenge/Resources/Info.plist;
				INFOPLIST_KEY_UIApplicationSupportsIndirectInputEvents = YES;
				INFOPLIST_KEY_UILaunchStoryboardName = LaunchScreen;
				INFOPLIST_KEY_UIMainStoryboardFile = Main;
				INFOPLIST_KEY_UISupportedInterfaceOrientations_iPad = "UIInterfaceOrientationPortrait UIInterfaceOrientationPortraitUpsideDown UIInterfaceOrientationLandscapeLeft UIInterfaceOrientationLandscapeRight";
				INFOPLIST_KEY_UISupportedInterfaceOrientations_iPhone = "UIInterfaceOrientationPortrait UIInterfaceOrientationLandscapeLeft UIInterfaceOrientationLandscapeRight";
				IPHONEOS_DEPLOYMENT_TARGET = 16.0;
				LD_RUNPATH_SEARCH_PATHS = (
					"$(inherited)",
					"@executable_path/Frameworks",
				);
				MARKETING_VERSION = 1.0;
				PRODUCT_BUNDLE_IDENTIFIER = com.iojayang.StarlingTechnicalChallenge;
				PRODUCT_NAME = "$(TARGET_NAME)";
				SWIFT_EMIT_LOC_STRINGS = YES;
				SWIFT_VERSION = 5.0;
				TARGETED_DEVICE_FAMILY = "1,2";
			};
			name = Debug;
		};
		DE4F2FCE2ADAD5A6003F9249 /* Release */ = {
			isa = XCBuildConfiguration;
			buildSettings = {
				ASSETCATALOG_COMPILER_APPICON_NAME = AppIcon;
				ASSETCATALOG_COMPILER_GLOBAL_ACCENT_COLOR_NAME = AccentColor;
				CODE_SIGN_STYLE = Automatic;
				CURRENT_PROJECT_VERSION = 1;
				DEVELOPMENT_TEAM = "";
				GENERATE_INFOPLIST_FILE = YES;
				INFOPLIST_FILE = StarlingTechnicalChallenge/Resources/Info.plist;
				INFOPLIST_KEY_UIApplicationSupportsIndirectInputEvents = YES;
				INFOPLIST_KEY_UILaunchStoryboardName = LaunchScreen;
				INFOPLIST_KEY_UIMainStoryboardFile = Main;
				INFOPLIST_KEY_UISupportedInterfaceOrientations_iPad = "UIInterfaceOrientationPortrait UIInterfaceOrientationPortraitUpsideDown UIInterfaceOrientationLandscapeLeft UIInterfaceOrientationLandscapeRight";
				INFOPLIST_KEY_UISupportedInterfaceOrientations_iPhone = "UIInterfaceOrientationPortrait UIInterfaceOrientationLandscapeLeft UIInterfaceOrientationLandscapeRight";
				IPHONEOS_DEPLOYMENT_TARGET = 16.0;
				LD_RUNPATH_SEARCH_PATHS = (
					"$(inherited)",
					"@executable_path/Frameworks",
				);
				MARKETING_VERSION = 1.0;
				PRODUCT_BUNDLE_IDENTIFIER = com.iojayang.StarlingTechnicalChallenge;
				PRODUCT_NAME = "$(TARGET_NAME)";
				SWIFT_EMIT_LOC_STRINGS = YES;
				SWIFT_VERSION = 5.0;
				TARGETED_DEVICE_FAMILY = "1,2";
			};
			name = Release;
		};
		DE4F2FD02ADAD5A6003F9249 /* Debug */ = {
			isa = XCBuildConfiguration;
			buildSettings = {
				ALWAYS_EMBED_SWIFT_STANDARD_LIBRARIES = YES;
				BUNDLE_LOADER = "$(TEST_HOST)";
				CODE_SIGN_STYLE = Automatic;
				CURRENT_PROJECT_VERSION = 1;
				DEVELOPMENT_TEAM = 89T2QHJW33;
				GENERATE_INFOPLIST_FILE = YES;
				IPHONEOS_DEPLOYMENT_TARGET = 17.0;
				MARKETING_VERSION = 1.0;
				PRODUCT_BUNDLE_IDENTIFIER = com.iojayang.StarlingTechnicalChallengeTests;
				PRODUCT_NAME = "$(TARGET_NAME)";
				SWIFT_EMIT_LOC_STRINGS = NO;
				SWIFT_VERSION = 5.0;
				TARGETED_DEVICE_FAMILY = "1,2";
				TEST_HOST = "$(BUILT_PRODUCTS_DIR)/StarlingTechnicalChallenge.app/$(BUNDLE_EXECUTABLE_FOLDER_PATH)/StarlingTechnicalChallenge";
			};
			name = Debug;
		};
		DE4F2FD12ADAD5A6003F9249 /* Release */ = {
			isa = XCBuildConfiguration;
			buildSettings = {
				ALWAYS_EMBED_SWIFT_STANDARD_LIBRARIES = YES;
				BUNDLE_LOADER = "$(TEST_HOST)";
				CODE_SIGN_STYLE = Automatic;
				CURRENT_PROJECT_VERSION = 1;
				DEVELOPMENT_TEAM = 89T2QHJW33;
				GENERATE_INFOPLIST_FILE = YES;
				IPHONEOS_DEPLOYMENT_TARGET = 17.0;
				MARKETING_VERSION = 1.0;
				PRODUCT_BUNDLE_IDENTIFIER = com.iojayang.StarlingTechnicalChallengeTests;
				PRODUCT_NAME = "$(TARGET_NAME)";
				SWIFT_EMIT_LOC_STRINGS = NO;
				SWIFT_VERSION = 5.0;
				TARGETED_DEVICE_FAMILY = "1,2";
				TEST_HOST = "$(BUILT_PRODUCTS_DIR)/StarlingTechnicalChallenge.app/$(BUNDLE_EXECUTABLE_FOLDER_PATH)/StarlingTechnicalChallenge";
			};
			name = Release;
		};
/* End XCBuildConfiguration section */

/* Begin XCConfigurationList section */
		DE4F2F9D2ADAD5A5003F9249 /* Build configuration list for PBXProject "StarlingTechnicalChallenge" */ = {
			isa = XCConfigurationList;
			buildConfigurations = (
				DE4F2FCA2ADAD5A6003F9249 /* Debug */,
				DE4F2FCB2ADAD5A6003F9249 /* Release */,
			);
			defaultConfigurationIsVisible = 0;
			defaultConfigurationName = Release;
		};
		DE4F2FCC2ADAD5A6003F9249 /* Build configuration list for PBXNativeTarget "StarlingTechnicalChallenge" */ = {
			isa = XCConfigurationList;
			buildConfigurations = (
				DE4F2FCD2ADAD5A6003F9249 /* Debug */,
				DE4F2FCE2ADAD5A6003F9249 /* Release */,
			);
			defaultConfigurationIsVisible = 0;
			defaultConfigurationName = Release;
		};
		DE4F2FCF2ADAD5A6003F9249 /* Build configuration list for PBXNativeTarget "StarlingTechnicalChallengeTests" */ = {
			isa = XCConfigurationList;
			buildConfigurations = (
				DE4F2FD02ADAD5A6003F9249 /* Debug */,
				DE4F2FD12ADAD5A6003F9249 /* Release */,
			);
			defaultConfigurationIsVisible = 0;
			defaultConfigurationName = Release;
		};
/* End XCConfigurationList section */

/* Begin XCRemoteSwiftPackageReference section */
		DE4F2FDA2ADADC33003F9249 /* XCRemoteSwiftPackageReference "NetworkClient-iOS" */ = {
			isa = XCRemoteSwiftPackageReference;
			repositoryURL = "git@github.com:checkout/NetworkClient-iOS.git";
			requirement = {
				kind = revision;
				revision = 0fb9a8653fb63bf1fc44c7a4510dd69b69482300;
			};
		};
/* End XCRemoteSwiftPackageReference section */

/* Begin XCSwiftPackageProductDependency section */
		DE4F2FDB2ADADC33003F9249 /* CheckoutNetwork */ = {
			isa = XCSwiftPackageProductDependency;
			package = DE4F2FDA2ADADC33003F9249 /* XCRemoteSwiftPackageReference "NetworkClient-iOS" */;
			productName = CheckoutNetwork;
		};
		DE4F2FDD2ADADC33003F9249 /* CheckoutNetworkFakeClient */ = {
			isa = XCSwiftPackageProductDependency;
			package = DE4F2FDA2ADADC33003F9249 /* XCRemoteSwiftPackageReference "NetworkClient-iOS" */;
			productName = CheckoutNetworkFakeClient;
		};
/* End XCSwiftPackageProductDependency section */
	};
	rootObject = DE4F2F9A2ADAD5A5003F9249 /* Project object */;
}
